// !$*UTF8*$!
{
	archiveVersion = 1;
	classes = {
	};
	objectVersion = 51;
	objects = {

/* Begin PBXBuildFile section */
		1BD9D8045F138F8DC33362E8 /* Pods_TodoApp_TodoAppUITests.framework in Frameworks */ = {isa = PBXBuildFile; fileRef = C521F921ACA686489458B3E4 /* Pods_TodoApp_TodoAppUITests.framework */; };
		27EDD64628054E657388357E /* Pods_TodoAppTests.framework in Frameworks */ = {isa = PBXBuildFile; fileRef = 6870DDF5BEB8C3FD1F409C93 /* Pods_TodoAppTests.framework */; };
		A5085E332556EF7800A31BBB /* AppDelegate.swift in Sources */ = {isa = PBXBuildFile; fileRef = A5085E322556EF7800A31BBB /* AppDelegate.swift */; };
		A5085E352556EF7800A31BBB /* SceneDelegate.swift in Sources */ = {isa = PBXBuildFile; fileRef = A5085E342556EF7800A31BBB /* SceneDelegate.swift */; };
		A5085E372556EF7800A31BBB /* AllTasksVc.swift in Sources */ = {isa = PBXBuildFile; fileRef = A5085E362556EF7800A31BBB /* AllTasksVc.swift */; };
		A5085E3C2556EF7B00A31BBB /* Assets.xcassets in Resources */ = {isa = PBXBuildFile; fileRef = A5085E3B2556EF7B00A31BBB /* Assets.xcassets */; };
		A5085E3F2556EF7B00A31BBB /* LaunchScreen.storyboard in Resources */ = {isa = PBXBuildFile; fileRef = A5085E3D2556EF7B00A31BBB /* LaunchScreen.storyboard */; };
		A5085E4A2556EF7B00A31BBB /* TodoAppTests.swift in Sources */ = {isa = PBXBuildFile; fileRef = A5085E492556EF7B00A31BBB /* TodoAppTests.swift */; };
		A5085E552556EF7B00A31BBB /* TodoAppUITests.swift in Sources */ = {isa = PBXBuildFile; fileRef = A5085E542556EF7B00A31BBB /* TodoAppUITests.swift */; };
		A5085E882556F8E500A31BBB /* RealmProvider.swift in Sources */ = {isa = PBXBuildFile; fileRef = A5085E732556F8E500A31BBB /* RealmProvider.swift */; };
		A5085E8A2556F8E500A31BBB /* bundled.realm in Resources */ = {isa = PBXBuildFile; fileRef = A5085E752556F8E500A31BBB /* bundled.realm */; };
		A5085E8F2556F8E500A31BBB /* Reminder_.swift in Sources */ = {isa = PBXBuildFile; fileRef = A5085E7D2556F8E500A31BBB /* Reminder_.swift */; };
		A5085E902556F8E500A31BBB /* RlmSubtask.swift in Sources */ = {isa = PBXBuildFile; fileRef = A5085E7F2556F8E500A31BBB /* RlmSubtask.swift */; };
		A5085E912556F8E500A31BBB /* RlmProject.swift in Sources */ = {isa = PBXBuildFile; fileRef = A5085E802556F8E500A31BBB /* RlmProject.swift */; };
		A5085E922556F8E500A31BBB /* RlmTaskDate.swift in Sources */ = {isa = PBXBuildFile; fileRef = A5085E812556F8E500A31BBB /* RlmTaskDate.swift */; };
		A5085E932556F8E500A31BBB /* RlmTask.swift in Sources */ = {isa = PBXBuildFile; fileRef = A5085E822556F8E500A31BBB /* RlmTask.swift */; };
		A5085E942556F8E500A31BBB /* RlmTag.swift in Sources */ = {isa = PBXBuildFile; fileRef = A5085E832556F8E500A31BBB /* RlmTag.swift */; };
		A5085E952556F8E500A31BBB /* Repeat_.swift in Sources */ = {isa = PBXBuildFile; fileRef = A5085E842556F8E500A31BBB /* Repeat_.swift */; };
		A5085E962556F8E500A31BBB /* Icon_.swift in Sources */ = {isa = PBXBuildFile; fileRef = A5085E852556F8E500A31BBB /* Icon_.swift */; };
		A5085E972556F8E500A31BBB /* Priority_.swift in Sources */ = {isa = PBXBuildFile; fileRef = A5085E862556F8E500A31BBB /* Priority_.swift */; };
		A5085EB32557047D00A31BBB /* UIColor+Persistable.swift in Sources */ = {isa = PBXBuildFile; fileRef = A5085EB22557047D00A31BBB /* UIColor+Persistable.swift */; };
		A5085EB9255704B800A31BBB /* DirPath.swift in Sources */ = {isa = PBXBuildFile; fileRef = A5085EB8255704B800A31BBB /* DirPath.swift */; };
		A5168325255B2C290076D29E /* AllTasksToolbar.swift in Sources */ = {isa = PBXBuildFile; fileRef = A5168324255B2C290076D29E /* AllTasksToolbar.swift */; };
		A516832F255B33520076D29E /* PlusView.swift in Sources */ = {isa = PBXBuildFile; fileRef = A516832E255B33520076D29E /* PlusView.swift */; };
		A5168358255B43760076D29E /* CustomButton.swift in Sources */ = {isa = PBXBuildFile; fileRef = A5168357255B43760076D29E /* CustomButton.swift */; };
		A5168360255B4AE30076D29E /* AddProjectCell.swift in Sources */ = {isa = PBXBuildFile; fileRef = A516835F255B4AE30076D29E /* AddProjectCell.swift */; };
		A533E041255BFD4500B301C7 /* ProgressCircleView.swift in Sources */ = {isa = PBXBuildFile; fileRef = A533E040255BFD4500B301C7 /* ProgressCircleView.swift */; };
		A533E046255C1EC400B301C7 /* CircleText.swift in Sources */ = {isa = PBXBuildFile; fileRef = A533E045255C1EC400B301C7 /* CircleText.swift */; };
		A533E04C255C1F6500B301C7 /* ProjectViewCell.swift in Sources */ = {isa = PBXBuildFile; fileRef = A533E04B255C1F6500B301C7 /* ProjectViewCell.swift */; };
		A533E054255C27C400B301C7 /* IconView.swift in Sources */ = {isa = PBXBuildFile; fileRef = A533E053255C27C400B301C7 /* IconView.swift */; };
		A533E06E255C438900B301C7 /* AllTasksVcVM.swift in Sources */ = {isa = PBXBuildFile; fileRef = A533E06D255C438900B301C7 /* AllTasksVcVM.swift */; };
		A533E08A255C4B1D00B301C7 /* PredefinedRealm.swift in Sources */ = {isa = PBXBuildFile; fileRef = A533E089255C4B1D00B301C7 /* PredefinedRealm.swift */; };
		A533E094255C598100B301C7 /* ProjectDetailsVc.swift in Sources */ = {isa = PBXBuildFile; fileRef = A533E093255C598100B301C7 /* ProjectDetailsVc.swift */; };
		A533E09C255C59D100B301C7 /* OuterCircle.swift in Sources */ = {isa = PBXBuildFile; fileRef = A533E09B255C59D100B301C7 /* OuterCircle.swift */; };
		A533E0A1255C87C200B301C7 /* OverlaySelectionView.swift in Sources */ = {isa = PBXBuildFile; fileRef = A533E0A0255C87C200B301C7 /* OverlaySelectionView.swift */; };
		A533E0AA255C8D4300B301C7 /* PopuptodoAction.swift in Sources */ = {isa = PBXBuildFile; fileRef = A533E0A9255C8D4300B301C7 /* PopuptodoAction.swift */; };
		A56047C5255D927100C447CF /* PopMenuAppearance+appAppearance.swift in Sources */ = {isa = PBXBuildFile; fileRef = A56047C4255D927100C447CF /* PopMenuAppearance+appAppearance.swift */; };
		A56047D1255D98F100C447CF /* AllTagsVc.swift in Sources */ = {isa = PBXBuildFile; fileRef = A56047D0255D98F100C447CF /* AllTagsVc.swift */; };
		A56047D8255D9BD400C447CF /* AllTagsTagCell.swift in Sources */ = {isa = PBXBuildFile; fileRef = A56047D7255D9BD400C447CF /* AllTagsTagCell.swift */; };
		A56047E0255D9C1100C447CF /* AllTagsAddTagCell.swift in Sources */ = {isa = PBXBuildFile; fileRef = A56047DF255D9C1100C447CF /* AllTagsAddTagCell.swift */; };
		A56047E8255DD19C00C447CF /* AllTagsVcVm.swift in Sources */ = {isa = PBXBuildFile; fileRef = A56047E7255DD19C00C447CF /* AllTagsVcVm.swift */; };
		A56047ED255DD98000C447CF /* AllTagsEnterNameCell.swift in Sources */ = {isa = PBXBuildFile; fileRef = A56047EC255DD98000C447CF /* AllTagsEnterNameCell.swift */; };
		A5796AFC2561CB6300423112 /* AnimatableSectionModel.swift in Sources */ = {isa = PBXBuildFile; fileRef = A5796AFB2561CB6300423112 /* AnimatableSectionModel.swift */; };
		A5796B012561E7CE00423112 /* OvalText.swift in Sources */ = {isa = PBXBuildFile; fileRef = A5796B002561E7CE00423112 /* OvalText.swift */; };
		A5EF5F5F255B13E30088DE0A /* AppNavigationController.swift in Sources */ = {isa = PBXBuildFile; fileRef = A5EF5F5E255B13E30088DE0A /* AppNavigationController.swift */; };
		A5EF5F74255B21DC0088DE0A /* AppNavigationRouter.swift in Sources */ = {isa = PBXBuildFile; fileRef = A5EF5F73255B21DC0088DE0A /* AppNavigationRouter.swift */; };
		D40608580B1C460ACDC82440 /* Pods_TodoApp.framework in Frameworks */ = {isa = PBXBuildFile; fileRef = C8B2CD53D004526A36EB301F /* Pods_TodoApp.framework */; };
/* End PBXBuildFile section */

/* Begin PBXContainerItemProxy section */
		A5085E462556EF7B00A31BBB /* PBXContainerItemProxy */ = {
			isa = PBXContainerItemProxy;
			containerPortal = A5085E272556EF7800A31BBB /* Project object */;
			proxyType = 1;
			remoteGlobalIDString = A5085E2E2556EF7800A31BBB;
			remoteInfo = TodoApp;
		};
		A5085E512556EF7B00A31BBB /* PBXContainerItemProxy */ = {
			isa = PBXContainerItemProxy;
			containerPortal = A5085E272556EF7800A31BBB /* Project object */;
			proxyType = 1;
			remoteGlobalIDString = A5085E2E2556EF7800A31BBB;
			remoteInfo = TodoApp;
		};
/* End PBXContainerItemProxy section */

/* Begin PBXFileReference section */
		0A3CA838C1ED660B36177D6F /* Pods-TodoApp-TodoAppUITests.release.xcconfig */ = {isa = PBXFileReference; includeInIndex = 1; lastKnownFileType = text.xcconfig; name = "Pods-TodoApp-TodoAppUITests.release.xcconfig"; path = "Target Support Files/Pods-TodoApp-TodoAppUITests/Pods-TodoApp-TodoAppUITests.release.xcconfig"; sourceTree = "<group>"; };
		0C54811E08ED86F42FA0E3DC /* Pods-TodoApp-TodoAppUITests.debug.xcconfig */ = {isa = PBXFileReference; includeInIndex = 1; lastKnownFileType = text.xcconfig; name = "Pods-TodoApp-TodoAppUITests.debug.xcconfig"; path = "Target Support Files/Pods-TodoApp-TodoAppUITests/Pods-TodoApp-TodoAppUITests.debug.xcconfig"; sourceTree = "<group>"; };
		258BAA21F196EE2BDE34945B /* Pods-TodoAppTests.debug.xcconfig */ = {isa = PBXFileReference; includeInIndex = 1; lastKnownFileType = text.xcconfig; name = "Pods-TodoAppTests.debug.xcconfig"; path = "Target Support Files/Pods-TodoAppTests/Pods-TodoAppTests.debug.xcconfig"; sourceTree = "<group>"; };
		2AE8CF77A311AA77FB69A012 /* Pods-TodoApp.release.xcconfig */ = {isa = PBXFileReference; includeInIndex = 1; lastKnownFileType = text.xcconfig; name = "Pods-TodoApp.release.xcconfig"; path = "Target Support Files/Pods-TodoApp/Pods-TodoApp.release.xcconfig"; sourceTree = "<group>"; };
		6870DDF5BEB8C3FD1F409C93 /* Pods_TodoAppTests.framework */ = {isa = PBXFileReference; explicitFileType = wrapper.framework; includeInIndex = 0; path = Pods_TodoAppTests.framework; sourceTree = BUILT_PRODUCTS_DIR; };
		A5085E2F2556EF7800A31BBB /* TodoApp.app */ = {isa = PBXFileReference; explicitFileType = wrapper.application; includeInIndex = 0; path = TodoApp.app; sourceTree = BUILT_PRODUCTS_DIR; };
		A5085E322556EF7800A31BBB /* AppDelegate.swift */ = {isa = PBXFileReference; lastKnownFileType = sourcecode.swift; path = AppDelegate.swift; sourceTree = "<group>"; };
		A5085E342556EF7800A31BBB /* SceneDelegate.swift */ = {isa = PBXFileReference; lastKnownFileType = sourcecode.swift; path = SceneDelegate.swift; sourceTree = "<group>"; };
		A5085E362556EF7800A31BBB /* AllTasksVc.swift */ = {isa = PBXFileReference; lastKnownFileType = sourcecode.swift; path = AllTasksVc.swift; sourceTree = "<group>"; };
		A5085E3B2556EF7B00A31BBB /* Assets.xcassets */ = {isa = PBXFileReference; lastKnownFileType = folder.assetcatalog; path = Assets.xcassets; sourceTree = "<group>"; };
		A5085E3E2556EF7B00A31BBB /* Base */ = {isa = PBXFileReference; lastKnownFileType = file.storyboard; name = Base; path = Base.lproj/LaunchScreen.storyboard; sourceTree = "<group>"; };
		A5085E402556EF7B00A31BBB /* Info.plist */ = {isa = PBXFileReference; lastKnownFileType = text.plist.xml; path = Info.plist; sourceTree = "<group>"; };
		A5085E452556EF7B00A31BBB /* TodoAppTests.xctest */ = {isa = PBXFileReference; explicitFileType = wrapper.cfbundle; includeInIndex = 0; path = TodoAppTests.xctest; sourceTree = BUILT_PRODUCTS_DIR; };
		A5085E492556EF7B00A31BBB /* TodoAppTests.swift */ = {isa = PBXFileReference; lastKnownFileType = sourcecode.swift; path = TodoAppTests.swift; sourceTree = "<group>"; };
		A5085E4B2556EF7B00A31BBB /* Info.plist */ = {isa = PBXFileReference; lastKnownFileType = text.plist.xml; path = Info.plist; sourceTree = "<group>"; };
		A5085E502556EF7B00A31BBB /* TodoAppUITests.xctest */ = {isa = PBXFileReference; explicitFileType = wrapper.cfbundle; includeInIndex = 0; path = TodoAppUITests.xctest; sourceTree = BUILT_PRODUCTS_DIR; };
		A5085E542556EF7B00A31BBB /* TodoAppUITests.swift */ = {isa = PBXFileReference; lastKnownFileType = sourcecode.swift; path = TodoAppUITests.swift; sourceTree = "<group>"; };
		A5085E562556EF7B00A31BBB /* Info.plist */ = {isa = PBXFileReference; lastKnownFileType = text.plist.xml; path = Info.plist; sourceTree = "<group>"; };
		A5085E732556F8E500A31BBB /* RealmProvider.swift */ = {isa = PBXFileReference; fileEncoding = 4; lastKnownFileType = sourcecode.swift; path = RealmProvider.swift; sourceTree = "<group>"; };
		A5085E752556F8E500A31BBB /* bundled.realm */ = {isa = PBXFileReference; lastKnownFileType = file; path = bundled.realm; sourceTree = "<group>"; };
		A5085E7D2556F8E500A31BBB /* Reminder_.swift */ = {isa = PBXFileReference; fileEncoding = 4; lastKnownFileType = sourcecode.swift; path = Reminder_.swift; sourceTree = "<group>"; };
		A5085E7F2556F8E500A31BBB /* RlmSubtask.swift */ = {isa = PBXFileReference; fileEncoding = 4; lastKnownFileType = sourcecode.swift; path = RlmSubtask.swift; sourceTree = "<group>"; };
		A5085E802556F8E500A31BBB /* RlmProject.swift */ = {isa = PBXFileReference; fileEncoding = 4; lastKnownFileType = sourcecode.swift; path = RlmProject.swift; sourceTree = "<group>"; };
		A5085E812556F8E500A31BBB /* RlmTaskDate.swift */ = {isa = PBXFileReference; fileEncoding = 4; lastKnownFileType = sourcecode.swift; path = RlmTaskDate.swift; sourceTree = "<group>"; };
		A5085E822556F8E500A31BBB /* RlmTask.swift */ = {isa = PBXFileReference; fileEncoding = 4; lastKnownFileType = sourcecode.swift; path = RlmTask.swift; sourceTree = "<group>"; };
		A5085E832556F8E500A31BBB /* RlmTag.swift */ = {isa = PBXFileReference; fileEncoding = 4; lastKnownFileType = sourcecode.swift; path = RlmTag.swift; sourceTree = "<group>"; };
		A5085E842556F8E500A31BBB /* Repeat_.swift */ = {isa = PBXFileReference; fileEncoding = 4; lastKnownFileType = sourcecode.swift; path = Repeat_.swift; sourceTree = "<group>"; };
		A5085E852556F8E500A31BBB /* Icon_.swift */ = {isa = PBXFileReference; fileEncoding = 4; lastKnownFileType = sourcecode.swift; path = Icon_.swift; sourceTree = "<group>"; };
		A5085E862556F8E500A31BBB /* Priority_.swift */ = {isa = PBXFileReference; fileEncoding = 4; lastKnownFileType = sourcecode.swift; path = Priority_.swift; sourceTree = "<group>"; };
		A5085EB22557047D00A31BBB /* UIColor+Persistable.swift */ = {isa = PBXFileReference; fileEncoding = 4; lastKnownFileType = sourcecode.swift; path = "UIColor+Persistable.swift"; sourceTree = "<group>"; };
		A5085EB8255704B800A31BBB /* DirPath.swift */ = {isa = PBXFileReference; fileEncoding = 4; lastKnownFileType = sourcecode.swift; path = DirPath.swift; sourceTree = "<group>"; };
		A5168324255B2C290076D29E /* AllTasksToolbar.swift */ = {isa = PBXFileReference; lastKnownFileType = sourcecode.swift; path = AllTasksToolbar.swift; sourceTree = "<group>"; };
		A516832E255B33520076D29E /* PlusView.swift */ = {isa = PBXFileReference; lastKnownFileType = sourcecode.swift; path = PlusView.swift; sourceTree = "<group>"; };
		A5168357255B43760076D29E /* CustomButton.swift */ = {isa = PBXFileReference; lastKnownFileType = sourcecode.swift; path = CustomButton.swift; sourceTree = "<group>"; };
		A516835F255B4AE30076D29E /* AddProjectCell.swift */ = {isa = PBXFileReference; lastKnownFileType = sourcecode.swift; path = AddProjectCell.swift; sourceTree = "<group>"; };
		A533E040255BFD4500B301C7 /* ProgressCircleView.swift */ = {isa = PBXFileReference; lastKnownFileType = sourcecode.swift; path = ProgressCircleView.swift; sourceTree = "<group>"; };
		A533E045255C1EC400B301C7 /* CircleText.swift */ = {isa = PBXFileReference; lastKnownFileType = sourcecode.swift; path = CircleText.swift; sourceTree = "<group>"; };
		A533E04B255C1F6500B301C7 /* ProjectViewCell.swift */ = {isa = PBXFileReference; lastKnownFileType = sourcecode.swift; path = ProjectViewCell.swift; sourceTree = "<group>"; };
		A533E053255C27C400B301C7 /* IconView.swift */ = {isa = PBXFileReference; lastKnownFileType = sourcecode.swift; path = IconView.swift; sourceTree = "<group>"; };
		A533E06D255C438900B301C7 /* AllTasksVcVM.swift */ = {isa = PBXFileReference; lastKnownFileType = sourcecode.swift; path = AllTasksVcVM.swift; sourceTree = "<group>"; };
		A533E089255C4B1D00B301C7 /* PredefinedRealm.swift */ = {isa = PBXFileReference; lastKnownFileType = sourcecode.swift; path = PredefinedRealm.swift; sourceTree = "<group>"; };
		A533E093255C598100B301C7 /* ProjectDetailsVc.swift */ = {isa = PBXFileReference; lastKnownFileType = sourcecode.swift; path = ProjectDetailsVc.swift; sourceTree = "<group>"; };
		A533E09B255C59D100B301C7 /* OuterCircle.swift */ = {isa = PBXFileReference; lastKnownFileType = sourcecode.swift; path = OuterCircle.swift; sourceTree = "<group>"; };
		A533E0A0255C87C200B301C7 /* OverlaySelectionView.swift */ = {isa = PBXFileReference; lastKnownFileType = sourcecode.swift; path = OverlaySelectionView.swift; sourceTree = "<group>"; };
		A533E0A9255C8D4300B301C7 /* PopuptodoAction.swift */ = {isa = PBXFileReference; lastKnownFileType = sourcecode.swift; path = PopuptodoAction.swift; sourceTree = "<group>"; };
		A56047C4255D927100C447CF /* PopMenuAppearance+appAppearance.swift */ = {isa = PBXFileReference; lastKnownFileType = sourcecode.swift; path = "PopMenuAppearance+appAppearance.swift"; sourceTree = "<group>"; };
		A56047D0255D98F100C447CF /* AllTagsVc.swift */ = {isa = PBXFileReference; lastKnownFileType = sourcecode.swift; path = AllTagsVc.swift; sourceTree = "<group>"; };
		A56047D7255D9BD400C447CF /* AllTagsTagCell.swift */ = {isa = PBXFileReference; lastKnownFileType = sourcecode.swift; path = AllTagsTagCell.swift; sourceTree = "<group>"; };
		A56047DF255D9C1100C447CF /* AllTagsAddTagCell.swift */ = {isa = PBXFileReference; lastKnownFileType = sourcecode.swift; path = AllTagsAddTagCell.swift; sourceTree = "<group>"; };
		A56047E7255DD19C00C447CF /* AllTagsVcVm.swift */ = {isa = PBXFileReference; lastKnownFileType = sourcecode.swift; path = AllTagsVcVm.swift; sourceTree = "<group>"; };
		A56047EC255DD98000C447CF /* AllTagsEnterNameCell.swift */ = {isa = PBXFileReference; lastKnownFileType = sourcecode.swift; path = AllTagsEnterNameCell.swift; sourceTree = "<group>"; };
		A5796AFB2561CB6300423112 /* AnimatableSectionModel.swift */ = {isa = PBXFileReference; lastKnownFileType = sourcecode.swift; path = AnimatableSectionModel.swift; sourceTree = "<group>"; };
		A5796B002561E7CE00423112 /* OvalText.swift */ = {isa = PBXFileReference; lastKnownFileType = sourcecode.swift; path = OvalText.swift; sourceTree = "<group>"; };
		A5EF5F5E255B13E30088DE0A /* AppNavigationController.swift */ = {isa = PBXFileReference; lastKnownFileType = sourcecode.swift; path = AppNavigationController.swift; sourceTree = "<group>"; };
		A5EF5F73255B21DC0088DE0A /* AppNavigationRouter.swift */ = {isa = PBXFileReference; lastKnownFileType = sourcecode.swift; path = AppNavigationRouter.swift; sourceTree = "<group>"; };
		BEC0AF1747D8EA268CCC2CB4 /* Pods-TodoAppTests.release.xcconfig */ = {isa = PBXFileReference; includeInIndex = 1; lastKnownFileType = text.xcconfig; name = "Pods-TodoAppTests.release.xcconfig"; path = "Target Support Files/Pods-TodoAppTests/Pods-TodoAppTests.release.xcconfig"; sourceTree = "<group>"; };
		C521F921ACA686489458B3E4 /* Pods_TodoApp_TodoAppUITests.framework */ = {isa = PBXFileReference; explicitFileType = wrapper.framework; includeInIndex = 0; path = Pods_TodoApp_TodoAppUITests.framework; sourceTree = BUILT_PRODUCTS_DIR; };
		C8B2CD53D004526A36EB301F /* Pods_TodoApp.framework */ = {isa = PBXFileReference; explicitFileType = wrapper.framework; includeInIndex = 0; path = Pods_TodoApp.framework; sourceTree = BUILT_PRODUCTS_DIR; };
		EEE9690E864EF9DACB9055CB /* Pods-TodoApp.debug.xcconfig */ = {isa = PBXFileReference; includeInIndex = 1; lastKnownFileType = text.xcconfig; name = "Pods-TodoApp.debug.xcconfig"; path = "Target Support Files/Pods-TodoApp/Pods-TodoApp.debug.xcconfig"; sourceTree = "<group>"; };
/* End PBXFileReference section */

/* Begin PBXFrameworksBuildPhase section */
		A5085E2C2556EF7800A31BBB /* Frameworks */ = {
			isa = PBXFrameworksBuildPhase;
			buildActionMask = 2147483647;
			files = (
				D40608580B1C460ACDC82440 /* Pods_TodoApp.framework in Frameworks */,
			);
			runOnlyForDeploymentPostprocessing = 0;
		};
		A5085E422556EF7B00A31BBB /* Frameworks */ = {
			isa = PBXFrameworksBuildPhase;
			buildActionMask = 2147483647;
			files = (
				27EDD64628054E657388357E /* Pods_TodoAppTests.framework in Frameworks */,
			);
			runOnlyForDeploymentPostprocessing = 0;
		};
		A5085E4D2556EF7B00A31BBB /* Frameworks */ = {
			isa = PBXFrameworksBuildPhase;
			buildActionMask = 2147483647;
			files = (
				1BD9D8045F138F8DC33362E8 /* Pods_TodoApp_TodoAppUITests.framework in Frameworks */,
			);
			runOnlyForDeploymentPostprocessing = 0;
		};
/* End PBXFrameworksBuildPhase section */

/* Begin PBXGroup section */
		A5085E262556EF7800A31BBB = {
			isa = PBXGroup;
			children = (
				A5085E312556EF7800A31BBB /* TodoApp */,
				A5085E482556EF7B00A31BBB /* TodoAppTests */,
				A5085E532556EF7B00A31BBB /* TodoAppUITests */,
				A5085E302556EF7800A31BBB /* Products */,
				C13EF5362419D6AAB877E05A /* Pods */,
				D1DE4A1F22F4F5FAC9A17ED8 /* Frameworks */,
			);
			sourceTree = "<group>";
		};
		A5085E302556EF7800A31BBB /* Products */ = {
			isa = PBXGroup;
			children = (
				A5085E2F2556EF7800A31BBB /* TodoApp.app */,
				A5085E452556EF7B00A31BBB /* TodoAppTests.xctest */,
				A5085E502556EF7B00A31BBB /* TodoAppUITests.xctest */,
			);
			name = Products;
			sourceTree = "<group>";
		};
		A5085E312556EF7800A31BBB /* TodoApp */ = {
			isa = PBXGroup;
			children = (
				A5085E322556EF7800A31BBB /* AppDelegate.swift */,
				A5085E342556EF7800A31BBB /* SceneDelegate.swift */,
				A5EF5F7C255B242D0088DE0A /* Screens_ */,
				A5EF5F5E255B13E30088DE0A /* AppNavigationController.swift */,
				A5EF5F73255B21DC0088DE0A /* AppNavigationRouter.swift */,
				A5085EB7255704AB00A31BBB /* Shared */,
				A5085EB02557046600A31BBB /* Services */,
				A5085E722556F8E500A31BBB /* Models */,
			);
			path = TodoApp;
			sourceTree = "<group>";
		};
		A5085E482556EF7B00A31BBB /* TodoAppTests */ = {
			isa = PBXGroup;
			children = (
				A5085E492556EF7B00A31BBB /* TodoAppTests.swift */,
				A5085E4B2556EF7B00A31BBB /* Info.plist */,
			);
			path = TodoAppTests;
			sourceTree = "<group>";
		};
		A5085E532556EF7B00A31BBB /* TodoAppUITests */ = {
			isa = PBXGroup;
			children = (
				A5085E542556EF7B00A31BBB /* TodoAppUITests.swift */,
				A5085E562556EF7B00A31BBB /* Info.plist */,
			);
			path = TodoAppUITests;
			sourceTree = "<group>";
		};
		A5085E722556F8E500A31BBB /* Models */ = {
			isa = PBXGroup;
			children = (
				A533E089255C4B1D00B301C7 /* PredefinedRealm.swift */,
				A5085E732556F8E500A31BBB /* RealmProvider.swift */,
				A5085E752556F8E500A31BBB /* bundled.realm */,
				A5085E7C2556F8E500A31BBB /* Entities */,
			);
			path = Models;
			sourceTree = "<group>";
		};
		A5085E7C2556F8E500A31BBB /* Entities */ = {
			isa = PBXGroup;
			children = (
				A5085E7F2556F8E500A31BBB /* RlmSubtask.swift */,
				A5085E802556F8E500A31BBB /* RlmProject.swift */,
				A5085E812556F8E500A31BBB /* RlmTaskDate.swift */,
				A5085E822556F8E500A31BBB /* RlmTask.swift */,
				A5085E832556F8E500A31BBB /* RlmTag.swift */,
				A5085E7E2556F8E500A31BBB /* Values */,
			);
			path = Entities;
			sourceTree = "<group>";
		};
		A5085E7E2556F8E500A31BBB /* Values */ = {
			isa = PBXGroup;
			children = (
				A5085E7D2556F8E500A31BBB /* Reminder_.swift */,
				A5085E842556F8E500A31BBB /* Repeat_.swift */,
				A5085E852556F8E500A31BBB /* Icon_.swift */,
				A5085E862556F8E500A31BBB /* Priority_.swift */,
			);
			path = Values;
			sourceTree = "<group>";
		};
		A5085EB02557046600A31BBB /* Services */ = {
			isa = PBXGroup;
			children = (
				A5085EB12557046F00A31BBB /* Extensions */,
				A5085EB8255704B800A31BBB /* DirPath.swift */,
			);
			path = Services;
			sourceTree = "<group>";
		};
		A5085EB12557046F00A31BBB /* Extensions */ = {
			isa = PBXGroup;
			children = (
				A5085EB22557047D00A31BBB /* UIColor+Persistable.swift */,
				A56047C4255D927100C447CF /* PopMenuAppearance+appAppearance.swift */,
			);
			path = Extensions;
			sourceTree = "<group>";
		};
		A5085EB7255704AB00A31BBB /* Shared */ = {
			isa = PBXGroup;
			children = (
				A5796AB22561A91A00423112 /* Helpers */,
				A533E0A8255C8D2700B301C7 /* Custom3rdViews */,
				A516832C255B33420076D29E /* Views */,
				A5085E402556EF7B00A31BBB /* Info.plist */,
				A5085E3D2556EF7B00A31BBB /* LaunchScreen.storyboard */,
				A5085E3B2556EF7B00A31BBB /* Assets.xcassets */,
			);
			path = Shared;
			sourceTree = "<group>";
		};
		A5168323255B2C170076D29E /* Views */ = {
			isa = PBXGroup;
			children = (
				A533E04A255C1F3F00B301C7 /* SupportingViews */,
				A533E04B255C1F6500B301C7 /* ProjectViewCell.swift */,
				A516835F255B4AE30076D29E /* AddProjectCell.swift */,
			);
			path = Views;
			sourceTree = "<group>";
		};
		A516832C255B33420076D29E /* Views */ = {
			isa = PBXGroup;
			children = (
				A516832E255B33520076D29E /* PlusView.swift */,
				A5168357255B43760076D29E /* CustomButton.swift */,
				A533E053255C27C400B301C7 /* IconView.swift */,
				A533E0A0255C87C200B301C7 /* OverlaySelectionView.swift */,
				A533E045255C1EC400B301C7 /* CircleText.swift */,
				A5796B002561E7CE00423112 /* OvalText.swift */,
			);
			path = Views;
			sourceTree = "<group>";
		};
		A533E04A255C1F3F00B301C7 /* SupportingViews */ = {
			isa = PBXGroup;
			children = (
				A5168324255B2C290076D29E /* AllTasksToolbar.swift */,
				A533E040255BFD4500B301C7 /* ProgressCircleView.swift */,
				A533E09B255C59D100B301C7 /* OuterCircle.swift */,
			);
			path = SupportingViews;
			sourceTree = "<group>";
		};
		A533E092255C596400B301C7 /* ProjectDetailsScreen_ */ = {
			isa = PBXGroup;
			children = (
				A533E093255C598100B301C7 /* ProjectDetailsVc.swift */,
			);
			path = ProjectDetailsScreen_;
			sourceTree = "<group>";
		};
		A533E0A8255C8D2700B301C7 /* Custom3rdViews */ = {
			isa = PBXGroup;
			children = (
				A533E0A9255C8D4300B301C7 /* PopuptodoAction.swift */,
			);
			path = Custom3rdViews;
			sourceTree = "<group>";
		};
		A56047CC255D989400C447CF /* TagsScreen_ */ = {
			isa = PBXGroup;
			children = (
				A56047D6255D9BA600C447CF /* Views */,
				A56047D0255D98F100C447CF /* AllTagsVc.swift */,
				A56047E7255DD19C00C447CF /* AllTagsVcVm.swift */,
			);
			path = TagsScreen_;
			sourceTree = "<group>";
		};
		A56047D6255D9BA600C447CF /* Views */ = {
			isa = PBXGroup;
			children = (
				A56047D7255D9BD400C447CF /* AllTagsTagCell.swift */,
				A56047DF255D9C1100C447CF /* AllTagsAddTagCell.swift */,
				A56047EC255DD98000C447CF /* AllTagsEnterNameCell.swift */,
			);
			name = Views;
			sourceTree = "<group>";
		};
		A5796AB22561A91A00423112 /* Helpers */ = {
			isa = PBXGroup;
			children = (
				A5796AFB2561CB6300423112 /* AnimatableSectionModel.swift */,
			);
			path = Helpers;
			sourceTree = "<group>";
		};
		A5EF5F7B255B24190088DE0A /* AllTasksScreen_ */ = {
			isa = PBXGroup;
			children = (
				A5168323255B2C170076D29E /* Views */,
				A5085E362556EF7800A31BBB /* AllTasksVc.swift */,
				A533E06D255C438900B301C7 /* AllTasksVcVM.swift */,
			);
			path = AllTasksScreen_;
			sourceTree = "<group>";
		};
		A5EF5F7C255B242D0088DE0A /* Screens_ */ = {
			isa = PBXGroup;
			children = (
				A56047CC255D989400C447CF /* TagsScreen_ */,
				A533E092255C596400B301C7 /* ProjectDetailsScreen_ */,
				A5EF5F7B255B24190088DE0A /* AllTasksScreen_ */,
			);
			path = Screens_;
			sourceTree = "<group>";
		};
		C13EF5362419D6AAB877E05A /* Pods */ = {
			isa = PBXGroup;
			children = (
				EEE9690E864EF9DACB9055CB /* Pods-TodoApp.debug.xcconfig */,
				2AE8CF77A311AA77FB69A012 /* Pods-TodoApp.release.xcconfig */,
				0C54811E08ED86F42FA0E3DC /* Pods-TodoApp-TodoAppUITests.debug.xcconfig */,
				0A3CA838C1ED660B36177D6F /* Pods-TodoApp-TodoAppUITests.release.xcconfig */,
				258BAA21F196EE2BDE34945B /* Pods-TodoAppTests.debug.xcconfig */,
				BEC0AF1747D8EA268CCC2CB4 /* Pods-TodoAppTests.release.xcconfig */,
			);
			path = Pods;
			sourceTree = "<group>";
		};
		D1DE4A1F22F4F5FAC9A17ED8 /* Frameworks */ = {
			isa = PBXGroup;
			children = (
				C8B2CD53D004526A36EB301F /* Pods_TodoApp.framework */,
				C521F921ACA686489458B3E4 /* Pods_TodoApp_TodoAppUITests.framework */,
				6870DDF5BEB8C3FD1F409C93 /* Pods_TodoAppTests.framework */,
			);
			name = Frameworks;
			sourceTree = "<group>";
		};
/* End PBXGroup section */

/* Begin PBXNativeTarget section */
		A5085E2E2556EF7800A31BBB /* TodoApp */ = {
			isa = PBXNativeTarget;
			buildConfigurationList = A5085E592556EF7B00A31BBB /* Build configuration list for PBXNativeTarget "TodoApp" */;
			buildPhases = (
				0DD11A1BE6BA448A1B5E2FEA /* [CP] Check Pods Manifest.lock */,
				A5085E2B2556EF7800A31BBB /* Sources */,
				A5085E2C2556EF7800A31BBB /* Frameworks */,
				A5085E2D2556EF7800A31BBB /* Resources */,
				C01A72A865F37FA7FC2D92CE /* [CP] Embed Pods Frameworks */,
			);
			buildRules = (
			);
			dependencies = (
			);
			name = TodoApp;
			productName = TodoApp;
			productReference = A5085E2F2556EF7800A31BBB /* TodoApp.app */;
			productType = "com.apple.product-type.application";
		};
		A5085E442556EF7B00A31BBB /* TodoAppTests */ = {
			isa = PBXNativeTarget;
			buildConfigurationList = A5085E5C2556EF7B00A31BBB /* Build configuration list for PBXNativeTarget "TodoAppTests" */;
			buildPhases = (
				2B0DA1E844A7300D65D69E0D /* [CP] Check Pods Manifest.lock */,
				A5085E412556EF7B00A31BBB /* Sources */,
				A5085E422556EF7B00A31BBB /* Frameworks */,
				A5085E432556EF7B00A31BBB /* Resources */,
			);
			buildRules = (
			);
			dependencies = (
				A5085E472556EF7B00A31BBB /* PBXTargetDependency */,
			);
			name = TodoAppTests;
			productName = TodoAppTests;
			productReference = A5085E452556EF7B00A31BBB /* TodoAppTests.xctest */;
			productType = "com.apple.product-type.bundle.unit-test";
		};
		A5085E4F2556EF7B00A31BBB /* TodoAppUITests */ = {
			isa = PBXNativeTarget;
			buildConfigurationList = A5085E5F2556EF7B00A31BBB /* Build configuration list for PBXNativeTarget "TodoAppUITests" */;
			buildPhases = (
				08C9D3705C68A77EEBC47EC3 /* [CP] Check Pods Manifest.lock */,
				A5085E4C2556EF7B00A31BBB /* Sources */,
				A5085E4D2556EF7B00A31BBB /* Frameworks */,
				A5085E4E2556EF7B00A31BBB /* Resources */,
				E8960D464E0E8B2D383375C1 /* [CP] Embed Pods Frameworks */,
			);
			buildRules = (
			);
			dependencies = (
				A5085E522556EF7B00A31BBB /* PBXTargetDependency */,
			);
			name = TodoAppUITests;
			productName = TodoAppUITests;
			productReference = A5085E502556EF7B00A31BBB /* TodoAppUITests.xctest */;
			productType = "com.apple.product-type.bundle.ui-testing";
		};
/* End PBXNativeTarget section */

/* Begin PBXProject section */
		A5085E272556EF7800A31BBB /* Project object */ = {
			isa = PBXProject;
			attributes = {
				LastSwiftUpdateCheck = 1210;
				LastUpgradeCheck = 1210;
				TargetAttributes = {
					A5085E2E2556EF7800A31BBB = {
						CreatedOnToolsVersion = 12.1;
					};
					A5085E442556EF7B00A31BBB = {
						CreatedOnToolsVersion = 12.1;
						TestTargetID = A5085E2E2556EF7800A31BBB;
					};
					A5085E4F2556EF7B00A31BBB = {
						CreatedOnToolsVersion = 12.1;
						TestTargetID = A5085E2E2556EF7800A31BBB;
					};
				};
			};
			buildConfigurationList = A5085E2A2556EF7800A31BBB /* Build configuration list for PBXProject "TodoApp" */;
			compatibilityVersion = "Xcode 9.3";
			developmentRegion = en;
			hasScannedForEncodings = 0;
			knownRegions = (
				en,
				Base,
			);
			mainGroup = A5085E262556EF7800A31BBB;
			productRefGroup = A5085E302556EF7800A31BBB /* Products */;
			projectDirPath = "";
			projectRoot = "";
			targets = (
				A5085E2E2556EF7800A31BBB /* TodoApp */,
				A5085E442556EF7B00A31BBB /* TodoAppTests */,
				A5085E4F2556EF7B00A31BBB /* TodoAppUITests */,
			);
		};
/* End PBXProject section */

/* Begin PBXResourcesBuildPhase section */
		A5085E2D2556EF7800A31BBB /* Resources */ = {
			isa = PBXResourcesBuildPhase;
			buildActionMask = 2147483647;
			files = (
				A5085E3F2556EF7B00A31BBB /* LaunchScreen.storyboard in Resources */,
				A5085E3C2556EF7B00A31BBB /* Assets.xcassets in Resources */,
				A5085E8A2556F8E500A31BBB /* bundled.realm in Resources */,
			);
			runOnlyForDeploymentPostprocessing = 0;
		};
		A5085E432556EF7B00A31BBB /* Resources */ = {
			isa = PBXResourcesBuildPhase;
			buildActionMask = 2147483647;
			files = (
			);
			runOnlyForDeploymentPostprocessing = 0;
		};
		A5085E4E2556EF7B00A31BBB /* Resources */ = {
			isa = PBXResourcesBuildPhase;
			buildActionMask = 2147483647;
			files = (
			);
			runOnlyForDeploymentPostprocessing = 0;
		};
/* End PBXResourcesBuildPhase section */

/* Begin PBXShellScriptBuildPhase section */
		08C9D3705C68A77EEBC47EC3 /* [CP] Check Pods Manifest.lock */ = {
			isa = PBXShellScriptBuildPhase;
			buildActionMask = 2147483647;
			files = (
			);
			inputFileListPaths = (
			);
			inputPaths = (
				"${PODS_PODFILE_DIR_PATH}/Podfile.lock",
				"${PODS_ROOT}/Manifest.lock",
			);
			name = "[CP] Check Pods Manifest.lock";
			outputFileListPaths = (
			);
			outputPaths = (
				"$(DERIVED_FILE_DIR)/Pods-TodoApp-TodoAppUITests-checkManifestLockResult.txt",
			);
			runOnlyForDeploymentPostprocessing = 0;
			shellPath = /bin/sh;
			shellScript = "diff \"${PODS_PODFILE_DIR_PATH}/Podfile.lock\" \"${PODS_ROOT}/Manifest.lock\" > /dev/null\nif [ $? != 0 ] ; then\n    # print error to STDERR\n    echo \"error: The sandbox is not in sync with the Podfile.lock. Run 'pod install' or update your CocoaPods installation.\" >&2\n    exit 1\nfi\n# This output is used by Xcode 'outputs' to avoid re-running this script phase.\necho \"SUCCESS\" > \"${SCRIPT_OUTPUT_FILE_0}\"\n";
			showEnvVarsInLog = 0;
		};
		0DD11A1BE6BA448A1B5E2FEA /* [CP] Check Pods Manifest.lock */ = {
			isa = PBXShellScriptBuildPhase;
			buildActionMask = 2147483647;
			files = (
			);
			inputFileListPaths = (
			);
			inputPaths = (
				"${PODS_PODFILE_DIR_PATH}/Podfile.lock",
				"${PODS_ROOT}/Manifest.lock",
			);
			name = "[CP] Check Pods Manifest.lock";
			outputFileListPaths = (
			);
			outputPaths = (
				"$(DERIVED_FILE_DIR)/Pods-TodoApp-checkManifestLockResult.txt",
			);
			runOnlyForDeploymentPostprocessing = 0;
			shellPath = /bin/sh;
			shellScript = "diff \"${PODS_PODFILE_DIR_PATH}/Podfile.lock\" \"${PODS_ROOT}/Manifest.lock\" > /dev/null\nif [ $? != 0 ] ; then\n    # print error to STDERR\n    echo \"error: The sandbox is not in sync with the Podfile.lock. Run 'pod install' or update your CocoaPods installation.\" >&2\n    exit 1\nfi\n# This output is used by Xcode 'outputs' to avoid re-running this script phase.\necho \"SUCCESS\" > \"${SCRIPT_OUTPUT_FILE_0}\"\n";
			showEnvVarsInLog = 0;
		};
		2B0DA1E844A7300D65D69E0D /* [CP] Check Pods Manifest.lock */ = {
			isa = PBXShellScriptBuildPhase;
			buildActionMask = 2147483647;
			files = (
			);
			inputFileListPaths = (
			);
			inputPaths = (
				"${PODS_PODFILE_DIR_PATH}/Podfile.lock",
				"${PODS_ROOT}/Manifest.lock",
			);
			name = "[CP] Check Pods Manifest.lock";
			outputFileListPaths = (
			);
			outputPaths = (
				"$(DERIVED_FILE_DIR)/Pods-TodoAppTests-checkManifestLockResult.txt",
			);
			runOnlyForDeploymentPostprocessing = 0;
			shellPath = /bin/sh;
			shellScript = "diff \"${PODS_PODFILE_DIR_PATH}/Podfile.lock\" \"${PODS_ROOT}/Manifest.lock\" > /dev/null\nif [ $? != 0 ] ; then\n    # print error to STDERR\n    echo \"error: The sandbox is not in sync with the Podfile.lock. Run 'pod install' or update your CocoaPods installation.\" >&2\n    exit 1\nfi\n# This output is used by Xcode 'outputs' to avoid re-running this script phase.\necho \"SUCCESS\" > \"${SCRIPT_OUTPUT_FILE_0}\"\n";
			showEnvVarsInLog = 0;
		};
		C01A72A865F37FA7FC2D92CE /* [CP] Embed Pods Frameworks */ = {
			isa = PBXShellScriptBuildPhase;
			buildActionMask = 2147483647;
			files = (
			);
			inputFileListPaths = (
				"${PODS_ROOT}/Target Support Files/Pods-TodoApp/Pods-TodoApp-frameworks-${CONFIGURATION}-input-files.xcfilelist",
			);
			name = "[CP] Embed Pods Frameworks";
			outputFileListPaths = (
				"${PODS_ROOT}/Target Support Files/Pods-TodoApp/Pods-TodoApp-frameworks-${CONFIGURATION}-output-files.xcfilelist",
			);
			runOnlyForDeploymentPostprocessing = 0;
			shellPath = /bin/sh;
			shellScript = "\"${PODS_ROOT}/Target Support Files/Pods-TodoApp/Pods-TodoApp-frameworks.sh\"\n";
			showEnvVarsInLog = 0;
		};
		E8960D464E0E8B2D383375C1 /* [CP] Embed Pods Frameworks */ = {
			isa = PBXShellScriptBuildPhase;
			buildActionMask = 2147483647;
			files = (
			);
			inputFileListPaths = (
				"${PODS_ROOT}/Target Support Files/Pods-TodoApp-TodoAppUITests/Pods-TodoApp-TodoAppUITests-frameworks-${CONFIGURATION}-input-files.xcfilelist",
			);
			name = "[CP] Embed Pods Frameworks";
			outputFileListPaths = (
				"${PODS_ROOT}/Target Support Files/Pods-TodoApp-TodoAppUITests/Pods-TodoApp-TodoAppUITests-frameworks-${CONFIGURATION}-output-files.xcfilelist",
			);
			runOnlyForDeploymentPostprocessing = 0;
			shellPath = /bin/sh;
			shellScript = "\"${PODS_ROOT}/Target Support Files/Pods-TodoApp-TodoAppUITests/Pods-TodoApp-TodoAppUITests-frameworks.sh\"\n";
			showEnvVarsInLog = 0;
		};
/* End PBXShellScriptBuildPhase section */

/* Begin PBXSourcesBuildPhase section */
		A5085E2B2556EF7800A31BBB /* Sources */ = {
			isa = PBXSourcesBuildPhase;
			buildActionMask = 2147483647;
			files = (
				A5168325255B2C290076D29E /* AllTasksToolbar.swift in Sources */,
				A516832F255B33520076D29E /* PlusView.swift in Sources */,
				A533E09C255C59D100B301C7 /* OuterCircle.swift in Sources */,
				A56047D8255D9BD400C447CF /* AllTagsTagCell.swift in Sources */,
				A56047ED255DD98000C447CF /* AllTagsEnterNameCell.swift in Sources */,
				A533E06E255C438900B301C7 /* AllTasksVcVM.swift in Sources */,
				A5085E8F2556F8E500A31BBB /* Reminder_.swift in Sources */,
				A5796AFC2561CB6300423112 /* AnimatableSectionModel.swift in Sources */,
				A5085E932556F8E500A31BBB /* RlmTask.swift in Sources */,
				A5085E372556EF7800A31BBB /* AllTasksVc.swift in Sources */,
				A5796B012561E7CE00423112 /* OvalText.swift in Sources */,
				A5085E952556F8E500A31BBB /* Repeat_.swift in Sources */,
				A5085EB32557047D00A31BBB /* UIColor+Persistable.swift in Sources */,
				A533E0A1255C87C200B301C7 /* OverlaySelectionView.swift in Sources */,
				A5085E332556EF7800A31BBB /* AppDelegate.swift in Sources */,
				A533E054255C27C400B301C7 /* IconView.swift in Sources */,
				A5085E902556F8E500A31BBB /* RlmSubtask.swift in Sources */,
				A5085E942556F8E500A31BBB /* RlmTag.swift in Sources */,
				A5168360255B4AE30076D29E /* AddProjectCell.swift in Sources */,
				A533E041255BFD4500B301C7 /* ProgressCircleView.swift in Sources */,
				A56047C5255D927100C447CF /* PopMenuAppearance+appAppearance.swift in Sources */,
				A5085E922556F8E500A31BBB /* RlmTaskDate.swift in Sources */,
				A5085E882556F8E500A31BBB /* RealmProvider.swift in Sources */,
				A56047E8255DD19C00C447CF /* AllTagsVcVm.swift in Sources */,
				A533E08A255C4B1D00B301C7 /* PredefinedRealm.swift in Sources */,
				A5085E352556EF7800A31BBB /* SceneDelegate.swift in Sources */,
				A56047D1255D98F100C447CF /* AllTagsVc.swift in Sources */,
				A5085E972556F8E500A31BBB /* Priority_.swift in Sources */,
				A56047E0255D9C1100C447CF /* AllTagsAddTagCell.swift in Sources */,
				A533E0AA255C8D4300B301C7 /* PopuptodoAction.swift in Sources */,
				A533E094255C598100B301C7 /* ProjectDetailsVc.swift in Sources */,
				A5085E912556F8E500A31BBB /* RlmProject.swift in Sources */,
				A5EF5F5F255B13E30088DE0A /* AppNavigationController.swift in Sources */,
				A533E04C255C1F6500B301C7 /* ProjectViewCell.swift in Sources */,
				A5EF5F74255B21DC0088DE0A /* AppNavigationRouter.swift in Sources */,
				A533E046255C1EC400B301C7 /* CircleText.swift in Sources */,
				A5168358255B43760076D29E /* CustomButton.swift in Sources */,
				A5085E962556F8E500A31BBB /* Icon_.swift in Sources */,
				A5085EB9255704B800A31BBB /* DirPath.swift in Sources */,
			);
			runOnlyForDeploymentPostprocessing = 0;
		};
		A5085E412556EF7B00A31BBB /* Sources */ = {
			isa = PBXSourcesBuildPhase;
			buildActionMask = 2147483647;
			files = (
				A5085E4A2556EF7B00A31BBB /* TodoAppTests.swift in Sources */,
			);
			runOnlyForDeploymentPostprocessing = 0;
		};
		A5085E4C2556EF7B00A31BBB /* Sources */ = {
			isa = PBXSourcesBuildPhase;
			buildActionMask = 2147483647;
			files = (
				A5085E552556EF7B00A31BBB /* TodoAppUITests.swift in Sources */,
			);
			runOnlyForDeploymentPostprocessing = 0;
		};
/* End PBXSourcesBuildPhase section */

/* Begin PBXTargetDependency section */
		A5085E472556EF7B00A31BBB /* PBXTargetDependency */ = {
			isa = PBXTargetDependency;
			target = A5085E2E2556EF7800A31BBB /* TodoApp */;
			targetProxy = A5085E462556EF7B00A31BBB /* PBXContainerItemProxy */;
		};
		A5085E522556EF7B00A31BBB /* PBXTargetDependency */ = {
			isa = PBXTargetDependency;
			target = A5085E2E2556EF7800A31BBB /* TodoApp */;
			targetProxy = A5085E512556EF7B00A31BBB /* PBXContainerItemProxy */;
		};
/* End PBXTargetDependency section */

/* Begin PBXVariantGroup section */
		A5085E3D2556EF7B00A31BBB /* LaunchScreen.storyboard */ = {
			isa = PBXVariantGroup;
			children = (
				A5085E3E2556EF7B00A31BBB /* Base */,
			);
			name = LaunchScreen.storyboard;
			sourceTree = "<group>";
		};
/* End PBXVariantGroup section */

/* Begin XCBuildConfiguration section */
		A5085E572556EF7B00A31BBB /* Debug */ = {
			isa = XCBuildConfiguration;
			buildSettings = {
				ALWAYS_SEARCH_USER_PATHS = NO;
				CLANG_ANALYZER_NONNULL = YES;
				CLANG_ANALYZER_NUMBER_OBJECT_CONVERSION = YES_AGGRESSIVE;
				CLANG_CXX_LANGUAGE_STANDARD = "gnu++14";
				CLANG_CXX_LIBRARY = "libc++";
				CLANG_ENABLE_MODULES = YES;
				CLANG_ENABLE_OBJC_ARC = YES;
				CLANG_ENABLE_OBJC_WEAK = YES;
				CLANG_WARN_BLOCK_CAPTURE_AUTORELEASING = YES;
				CLANG_WARN_BOOL_CONVERSION = YES;
				CLANG_WARN_COMMA = YES;
				CLANG_WARN_CONSTANT_CONVERSION = YES;
				CLANG_WARN_DEPRECATED_OBJC_IMPLEMENTATIONS = YES;
				CLANG_WARN_DIRECT_OBJC_ISA_USAGE = YES_ERROR;
				CLANG_WARN_DOCUMENTATION_COMMENTS = YES;
				CLANG_WARN_EMPTY_BODY = YES;
				CLANG_WARN_ENUM_CONVERSION = YES;
				CLANG_WARN_INFINITE_RECURSION = YES;
				CLANG_WARN_INT_CONVERSION = YES;
				CLANG_WARN_NON_LITERAL_NULL_CONVERSION = YES;
				CLANG_WARN_OBJC_IMPLICIT_RETAIN_SELF = YES;
				CLANG_WARN_OBJC_LITERAL_CONVERSION = YES;
				CLANG_WARN_OBJC_ROOT_CLASS = YES_ERROR;
				CLANG_WARN_QUOTED_INCLUDE_IN_FRAMEWORK_HEADER = YES;
				CLANG_WARN_RANGE_LOOP_ANALYSIS = YES;
				CLANG_WARN_STRICT_PROTOTYPES = YES;
				CLANG_WARN_SUSPICIOUS_MOVE = YES;
				CLANG_WARN_UNGUARDED_AVAILABILITY = YES_AGGRESSIVE;
				CLANG_WARN_UNREACHABLE_CODE = YES;
				CLANG_WARN__DUPLICATE_METHOD_MATCH = YES;
				COPY_PHASE_STRIP = NO;
				DEBUG_INFORMATION_FORMAT = dwarf;
				ENABLE_STRICT_OBJC_MSGSEND = YES;
				ENABLE_TESTABILITY = YES;
				GCC_C_LANGUAGE_STANDARD = gnu11;
				GCC_DYNAMIC_NO_PIC = NO;
				GCC_NO_COMMON_BLOCKS = YES;
				GCC_OPTIMIZATION_LEVEL = 0;
				GCC_PREPROCESSOR_DEFINITIONS = (
					"DEBUG=1",
					"$(inherited)",
				);
				GCC_WARN_64_TO_32_BIT_CONVERSION = YES;
				GCC_WARN_ABOUT_RETURN_TYPE = YES_ERROR;
				GCC_WARN_UNDECLARED_SELECTOR = YES;
				GCC_WARN_UNINITIALIZED_AUTOS = YES_AGGRESSIVE;
				GCC_WARN_UNUSED_FUNCTION = YES;
				GCC_WARN_UNUSED_VARIABLE = YES;
				IPHONEOS_DEPLOYMENT_TARGET = 14.1;
				MTL_ENABLE_DEBUG_INFO = INCLUDE_SOURCE;
				MTL_FAST_MATH = YES;
				ONLY_ACTIVE_ARCH = YES;
				SDKROOT = iphoneos;
				SWIFT_ACTIVE_COMPILATION_CONDITIONS = DEBUG;
				SWIFT_OPTIMIZATION_LEVEL = "-Onone";
			};
			name = Debug;
		};
		A5085E582556EF7B00A31BBB /* Release */ = {
			isa = XCBuildConfiguration;
			buildSettings = {
				ALWAYS_SEARCH_USER_PATHS = NO;
				CLANG_ANALYZER_NONNULL = YES;
				CLANG_ANALYZER_NUMBER_OBJECT_CONVERSION = YES_AGGRESSIVE;
				CLANG_CXX_LANGUAGE_STANDARD = "gnu++14";
				CLANG_CXX_LIBRARY = "libc++";
				CLANG_ENABLE_MODULES = YES;
				CLANG_ENABLE_OBJC_ARC = YES;
				CLANG_ENABLE_OBJC_WEAK = YES;
				CLANG_WARN_BLOCK_CAPTURE_AUTORELEASING = YES;
				CLANG_WARN_BOOL_CONVERSION = YES;
				CLANG_WARN_COMMA = YES;
				CLANG_WARN_CONSTANT_CONVERSION = YES;
				CLANG_WARN_DEPRECATED_OBJC_IMPLEMENTATIONS = YES;
				CLANG_WARN_DIRECT_OBJC_ISA_USAGE = YES_ERROR;
				CLANG_WARN_DOCUMENTATION_COMMENTS = YES;
				CLANG_WARN_EMPTY_BODY = YES;
				CLANG_WARN_ENUM_CONVERSION = YES;
				CLANG_WARN_INFINITE_RECURSION = YES;
				CLANG_WARN_INT_CONVERSION = YES;
				CLANG_WARN_NON_LITERAL_NULL_CONVERSION = YES;
				CLANG_WARN_OBJC_IMPLICIT_RETAIN_SELF = YES;
				CLANG_WARN_OBJC_LITERAL_CONVERSION = YES;
				CLANG_WARN_OBJC_ROOT_CLASS = YES_ERROR;
				CLANG_WARN_QUOTED_INCLUDE_IN_FRAMEWORK_HEADER = YES;
				CLANG_WARN_RANGE_LOOP_ANALYSIS = YES;
				CLANG_WARN_STRICT_PROTOTYPES = YES;
				CLANG_WARN_SUSPICIOUS_MOVE = YES;
				CLANG_WARN_UNGUARDED_AVAILABILITY = YES_AGGRESSIVE;
				CLANG_WARN_UNREACHABLE_CODE = YES;
				CLANG_WARN__DUPLICATE_METHOD_MATCH = YES;
				COPY_PHASE_STRIP = NO;
				DEBUG_INFORMATION_FORMAT = "dwarf-with-dsym";
				ENABLE_NS_ASSERTIONS = NO;
				ENABLE_STRICT_OBJC_MSGSEND = YES;
				GCC_C_LANGUAGE_STANDARD = gnu11;
				GCC_NO_COMMON_BLOCKS = YES;
				GCC_WARN_64_TO_32_BIT_CONVERSION = YES;
				GCC_WARN_ABOUT_RETURN_TYPE = YES_ERROR;
				GCC_WARN_UNDECLARED_SELECTOR = YES;
				GCC_WARN_UNINITIALIZED_AUTOS = YES_AGGRESSIVE;
				GCC_WARN_UNUSED_FUNCTION = YES;
				GCC_WARN_UNUSED_VARIABLE = YES;
				IPHONEOS_DEPLOYMENT_TARGET = 14.1;
				MTL_ENABLE_DEBUG_INFO = NO;
				MTL_FAST_MATH = YES;
				SDKROOT = iphoneos;
				SWIFT_COMPILATION_MODE = wholemodule;
				SWIFT_OPTIMIZATION_LEVEL = "-O";
				VALIDATE_PRODUCT = YES;
			};
			name = Release;
		};
		A5085E5A2556EF7B00A31BBB /* Debug */ = {
			isa = XCBuildConfiguration;
			baseConfigurationReference = EEE9690E864EF9DACB9055CB /* Pods-TodoApp.debug.xcconfig */;
			buildSettings = {
				ASSETCATALOG_COMPILER_APPICON_NAME = AppIcon;
				ASSETCATALOG_COMPILER_GLOBAL_ACCENT_COLOR_NAME = AccentColor;
				CODE_SIGN_STYLE = Automatic;
				DEVELOPMENT_TEAM = CX99V85TCK;
				INFOPLIST_FILE = TodoApp/Shared/Info.plist;
				LD_RUNPATH_SEARCH_PATHS = (
					"$(inherited)",
					"@executable_path/Frameworks",
				);
				PRODUCT_BUNDLE_IDENTIFIER = com.SergeyReznichenko.TodoApp;
				PRODUCT_NAME = "$(TARGET_NAME)";
				SWIFT_VERSION = 5.0;
				TARGETED_DEVICE_FAMILY = "1,2";
			};
			name = Debug;
		};
		A5085E5B2556EF7B00A31BBB /* Release */ = {
			isa = XCBuildConfiguration;
			baseConfigurationReference = 2AE8CF77A311AA77FB69A012 /* Pods-TodoApp.release.xcconfig */;
			buildSettings = {
				ASSETCATALOG_COMPILER_APPICON_NAME = AppIcon;
				ASSETCATALOG_COMPILER_GLOBAL_ACCENT_COLOR_NAME = AccentColor;
				CODE_SIGN_STYLE = Automatic;
				DEVELOPMENT_TEAM = CX99V85TCK;
				INFOPLIST_FILE = TodoApp/Shared/Info.plist;
				LD_RUNPATH_SEARCH_PATHS = (
					"$(inherited)",
					"@executable_path/Frameworks",
				);
				PRODUCT_BUNDLE_IDENTIFIER = com.SergeyReznichenko.TodoApp;
				PRODUCT_NAME = "$(TARGET_NAME)";
				SWIFT_VERSION = 5.0;
				TARGETED_DEVICE_FAMILY = "1,2";
			};
			name = Release;
		};
		A5085E5D2556EF7B00A31BBB /* Debug */ = {
			isa = XCBuildConfiguration;
			baseConfigurationReference = 258BAA21F196EE2BDE34945B /* Pods-TodoAppTests.debug.xcconfig */;
			buildSettings = {
				ALWAYS_EMBED_SWIFT_STANDARD_LIBRARIES = YES;
				BUNDLE_LOADER = "$(TEST_HOST)";
				CODE_SIGN_STYLE = Automatic;
				DEVELOPMENT_TEAM = CX99V85TCK;
				INFOPLIST_FILE = TodoAppTests/Info.plist;
				IPHONEOS_DEPLOYMENT_TARGET = 14.1;
				LD_RUNPATH_SEARCH_PATHS = (
					"$(inherited)",
					"@executable_path/Frameworks",
					"@loader_path/Frameworks",
				);
				PRODUCT_BUNDLE_IDENTIFIER = com.SergeyReznichenko.TodoAppTests;
				PRODUCT_NAME = "$(TARGET_NAME)";
				SWIFT_VERSION = 5.0;
				TARGETED_DEVICE_FAMILY = "1,2";
				TEST_HOST = "$(BUILT_PRODUCTS_DIR)/TodoApp.app/TodoApp";
			};
			name = Debug;
		};
		A5085E5E2556EF7B00A31BBB /* Release */ = {
			isa = XCBuildConfiguration;
			baseConfigurationReference = BEC0AF1747D8EA268CCC2CB4 /* Pods-TodoAppTests.release.xcconfig */;
			buildSettings = {
				ALWAYS_EMBED_SWIFT_STANDARD_LIBRARIES = YES;
				BUNDLE_LOADER = "$(TEST_HOST)";
				CODE_SIGN_STYLE = Automatic;
				DEVELOPMENT_TEAM = CX99V85TCK;
				INFOPLIST_FILE = TodoAppTests/Info.plist;
				IPHONEOS_DEPLOYMENT_TARGET = 14.1;
				LD_RUNPATH_SEARCH_PATHS = (
					"$(inherited)",
					"@executable_path/Frameworks",
					"@loader_path/Frameworks",
				);
				PRODUCT_BUNDLE_IDENTIFIER = com.SergeyReznichenko.TodoAppTests;
				PRODUCT_NAME = "$(TARGET_NAME)";
				SWIFT_VERSION = 5.0;
				TARGETED_DEVICE_FAMILY = "1,2";
				TEST_HOST = "$(BUILT_PRODUCTS_DIR)/TodoApp.app/TodoApp";
			};
			name = Release;
		};
		A5085E602556EF7B00A31BBB /* Debug */ = {
			isa = XCBuildConfiguration;
			baseConfigurationReference = 0C54811E08ED86F42FA0E3DC /* Pods-TodoApp-TodoAppUITests.debug.xcconfig */;
			buildSettings = {
				ALWAYS_EMBED_SWIFT_STANDARD_LIBRARIES = YES;
				CODE_SIGN_STYLE = Automatic;
				DEVELOPMENT_TEAM = CX99V85TCK;
				INFOPLIST_FILE = TodoAppUITests/Info.plist;
				LD_RUNPATH_SEARCH_PATHS = (
					"$(inherited)",
					"@executable_path/Frameworks",
					"@loader_path/Frameworks",
				);
				PRODUCT_BUNDLE_IDENTIFIER = com.SergeyReznichenko.TodoAppUITests;
				PRODUCT_NAME = "$(TARGET_NAME)";
				SWIFT_VERSION = 5.0;
				TARGETED_DEVICE_FAMILY = "1,2";
				TEST_TARGET_NAME = TodoApp;
			};
			name = Debug;
		};
		A5085E612556EF7B00A31BBB /* Release */ = {
			isa = XCBuildConfiguration;
			baseConfigurationReference = 0A3CA838C1ED660B36177D6F /* Pods-TodoApp-TodoAppUITests.release.xcconfig */;
			buildSettings = {
				ALWAYS_EMBED_SWIFT_STANDARD_LIBRARIES = YES;
				CODE_SIGN_STYLE = Automatic;
				DEVELOPMENT_TEAM = CX99V85TCK;
				INFOPLIST_FILE = TodoAppUITests/Info.plist;
				LD_RUNPATH_SEARCH_PATHS = (
					"$(inherited)",
					"@executable_path/Frameworks",
					"@loader_path/Frameworks",
				);
				PRODUCT_BUNDLE_IDENTIFIER = com.SergeyReznichenko.TodoAppUITests;
				PRODUCT_NAME = "$(TARGET_NAME)";
				SWIFT_VERSION = 5.0;
				TARGETED_DEVICE_FAMILY = "1,2";
				TEST_TARGET_NAME = TodoApp;
			};
			name = Release;
		};
/* End XCBuildConfiguration section */

/* Begin XCConfigurationList section */
		A5085E2A2556EF7800A31BBB /* Build configuration list for PBXProject "TodoApp" */ = {
			isa = XCConfigurationList;
			buildConfigurations = (
				A5085E572556EF7B00A31BBB /* Debug */,
				A5085E582556EF7B00A31BBB /* Release */,
			);
			defaultConfigurationIsVisible = 0;
			defaultConfigurationName = Release;
		};
		A5085E592556EF7B00A31BBB /* Build configuration list for PBXNativeTarget "TodoApp" */ = {
			isa = XCConfigurationList;
			buildConfigurations = (
				A5085E5A2556EF7B00A31BBB /* Debug */,
				A5085E5B2556EF7B00A31BBB /* Release */,
			);
			defaultConfigurationIsVisible = 0;
			defaultConfigurationName = Release;
		};
		A5085E5C2556EF7B00A31BBB /* Build configuration list for PBXNativeTarget "TodoAppTests" */ = {
			isa = XCConfigurationList;
			buildConfigurations = (
				A5085E5D2556EF7B00A31BBB /* Debug */,
				A5085E5E2556EF7B00A31BBB /* Release */,
			);
			defaultConfigurationIsVisible = 0;
			defaultConfigurationName = Release;
		};
		A5085E5F2556EF7B00A31BBB /* Build configuration list for PBXNativeTarget "TodoAppUITests" */ = {
			isa = XCConfigurationList;
			buildConfigurations = (
				A5085E602556EF7B00A31BBB /* Debug */,
				A5085E612556EF7B00A31BBB /* Release */,
			);
			defaultConfigurationIsVisible = 0;
			defaultConfigurationName = Release;
		};
/* End XCConfigurationList section */
	};
	rootObject = A5085E272556EF7800A31BBB /* Project object */;
}
